// !$*UTF8*$!
{
	archiveVersion = 1;
	classes = {
	};
	objectVersion = 55;
	objects = {

/* Begin PBXBuildFile section */
		74BF751427C63A5C00C0E512 /* TaskCell.swift in Sources */ = {isa = PBXBuildFile; fileRef = 74BF751327C63A5C00C0E512 /* TaskCell.swift */; };
		74F03C3227C572EE0030070A /* AppDelegate.swift in Sources */ = {isa = PBXBuildFile; fileRef = 74F03C3127C572EE0030070A /* AppDelegate.swift */; };
		74F03C3427C572EE0030070A /* SceneDelegate.swift in Sources */ = {isa = PBXBuildFile; fileRef = 74F03C3327C572EE0030070A /* SceneDelegate.swift */; };
		74F03C3927C572EE0030070A /* Main.storyboard in Resources */ = {isa = PBXBuildFile; fileRef = 74F03C3727C572EE0030070A /* Main.storyboard */; };
		74F03C3B27C572F00030070A /* Assets.xcassets in Resources */ = {isa = PBXBuildFile; fileRef = 74F03C3A27C572F00030070A /* Assets.xcassets */; };
		74F03C3E27C572F00030070A /* LaunchScreen.storyboard in Resources */ = {isa = PBXBuildFile; fileRef = 74F03C3C27C572F00030070A /* LaunchScreen.storyboard */; };
		74F03C4627C5738D0030070A /* TasksListController.swift in Sources */ = {isa = PBXBuildFile; fileRef = 74F03C4527C5738D0030070A /* TasksListController.swift */; };
		74F03C4927C574520030070A /* Task.swift in Sources */ = {isa = PBXBuildFile; fileRef = 74F03C4827C574520030070A /* Task.swift */; };
/* End PBXBuildFile section */

/* Begin PBXFileReference section */
		74BF751327C63A5C00C0E512 /* TaskCell.swift */ = {isa = PBXFileReference; lastKnownFileType = sourcecode.swift; path = TaskCell.swift; sourceTree = "<group>"; };
		74F03C2E27C572EE0030070A /* To do manager.app */ = {isa = PBXFileReference; explicitFileType = wrapper.application; includeInIndex = 0; path = "To do manager.app"; sourceTree = BUILT_PRODUCTS_DIR; };
		74F03C3127C572EE0030070A /* AppDelegate.swift */ = {isa = PBXFileReference; lastKnownFileType = sourcecode.swift; path = AppDelegate.swift; sourceTree = "<group>"; };
		74F03C3327C572EE0030070A /* SceneDelegate.swift */ = {isa = PBXFileReference; lastKnownFileType = sourcecode.swift; path = SceneDelegate.swift; sourceTree = "<group>"; };
		74F03C3827C572EE0030070A /* Base */ = {isa = PBXFileReference; lastKnownFileType = file.storyboard; name = Base; path = Base.lproj/Main.storyboard; sourceTree = "<group>"; };
		74F03C3A27C572F00030070A /* Assets.xcassets */ = {isa = PBXFileReference; lastKnownFileType = folder.assetcatalog; path = Assets.xcassets; sourceTree = "<group>"; };
		74F03C3D27C572F00030070A /* Base */ = {isa = PBXFileReference; lastKnownFileType = file.storyboard; name = Base; path = Base.lproj/LaunchScreen.storyboard; sourceTree = "<group>"; };
		74F03C3F27C572F00030070A /* Info.plist */ = {isa = PBXFileReference; lastKnownFileType = text.plist.xml; path = Info.plist; sourceTree = "<group>"; };
		74F03C4527C5738D0030070A /* TasksListController.swift */ = {isa = PBXFileReference; lastKnownFileType = sourcecode.swift; path = TasksListController.swift; sourceTree = "<group>"; };
		74F03C4827C574520030070A /* Task.swift */ = {isa = PBXFileReference; lastKnownFileType = sourcecode.swift; path = Task.swift; sourceTree = "<group>"; };
/* End PBXFileReference section */

/* Begin PBXFrameworksBuildPhase section */
		74F03C2B27C572EE0030070A /* Frameworks */ = {
			isa = PBXFrameworksBuildPhase;
			buildActionMask = 2147483647;
			files = (
			);
			runOnlyForDeploymentPostprocessing = 0;
		};
/* End PBXFrameworksBuildPhase section */

/* Begin PBXGroup section */
		74BF751127C63A3F00C0E512 /* View */ = {
			isa = PBXGroup;
			children = (
				74BF751227C63A4400C0E512 /* Cell */,
			);
			path = View;
			sourceTree = "<group>";
		};
		74BF751227C63A4400C0E512 /* Cell */ = {
			isa = PBXGroup;
			children = (
				74BF751327C63A5C00C0E512 /* TaskCell.swift */,
			);
			path = Cell;
			sourceTree = "<group>";
		};
		74F03C2527C572EE0030070A = {
			isa = PBXGroup;
			children = (
				74F03C3027C572EE0030070A /* To do manager */,
				74F03C2F27C572EE0030070A /* Products */,
			);
			sourceTree = "<group>";
		};
		74F03C2F27C572EE0030070A /* Products */ = {
			isa = PBXGroup;
			children = (
				74F03C2E27C572EE0030070A /* To do manager.app */,
			);
			name = Products;
			sourceTree = "<group>";
		};
		74F03C3027C572EE0030070A /* To do manager */ = {
			isa = PBXGroup;
			children = (
				74BF751127C63A3F00C0E512 /* View */,
				74F03C4727C574430030070A /* Model */,
				74F03C3127C572EE0030070A /* AppDelegate.swift */,
				74F03C3327C572EE0030070A /* SceneDelegate.swift */,
				74F03C4527C5738D0030070A /* TasksListController.swift */,
				74F03C3727C572EE0030070A /* Main.storyboard */,
				74F03C3A27C572F00030070A /* Assets.xcassets */,
				74F03C3C27C572F00030070A /* LaunchScreen.storyboard */,
				74F03C3F27C572F00030070A /* Info.plist */,
			);
			path = "To do manager";
			sourceTree = "<group>";
		};
		74F03C4727C574430030070A /* Model */ = {
			isa = PBXGroup;
			children = (
				74F03C4827C574520030070A /* Task.swift */,
			);
			path = Model;
			sourceTree = "<group>";
		};
/* End PBXGroup section */

/* Begin PBXNativeTarget section */
		74F03C2D27C572EE0030070A /* To do manager */ = {
			isa = PBXNativeTarget;
			buildConfigurationList = 74F03C4227C572F00030070A /* Build configuration list for PBXNativeTarget "To do manager" */;
			buildPhases = (
				74F03C2A27C572EE0030070A /* Sources */,
				74F03C2B27C572EE0030070A /* Frameworks */,
				74F03C2C27C572EE0030070A /* Resources */,
			);
			buildRules = (
			);
			dependencies = (
			);
			name = "To do manager";
			productName = "To do manager";
			productReference = 74F03C2E27C572EE0030070A /* To do manager.app */;
			productType = "com.apple.product-type.application";
		};
/* End PBXNativeTarget section */

/* Begin PBXProject section */
		74F03C2627C572EE0030070A /* Project object */ = {
			isa = PBXProject;
			attributes = {
				BuildIndependentTargetsInParallel = 1;
				LastSwiftUpdateCheck = 1320;
				LastUpgradeCheck = 1320;
				TargetAttributes = {
					74F03C2D27C572EE0030070A = {
						CreatedOnToolsVersion = 13.2.1;
					};
				};
			};
			buildConfigurationList = 74F03C2927C572EE0030070A /* Build configuration list for PBXProject "To do manager" */;
			compatibilityVersion = "Xcode 13.0";
			developmentRegion = en;
			hasScannedForEncodings = 0;
			knownRegions = (
				en,
				Base,
			);
			mainGroup = 74F03C2527C572EE0030070A;
			productRefGroup = 74F03C2F27C572EE0030070A /* Products */;
			projectDirPath = "";
			projectRoot = "";
			targets = (
				74F03C2D27C572EE0030070A /* To do manager */,
			);
		};
/* End PBXProject section */

/* Begin PBXResourcesBuildPhase section */
		74F03C2C27C572EE0030070A /* Resources */ = {
			isa = PBXResourcesBuildPhase;
			buildActionMask = 2147483647;
			files = (
				74F03C3E27C572F00030070A /* LaunchScreen.storyboard in Resources */,
				74F03C3B27C572F00030070A /* Assets.xcassets in Resources */,
				74F03C3927C572EE0030070A /* Main.storyboard in Resources */,
			);
			runOnlyForDeploymentPostprocessing = 0;
		};
/* End PBXResourcesBuildPhase section */

/* Begin PBXSourcesBuildPhase section */
		74F03C2A27C572EE0030070A /* Sources */ = {
			isa = PBXSourcesBuildPhase;
			buildActionMask = 2147483647;
			files = (
				74BF751427C63A5C00C0E512 /* TaskCell.swift in Sources */,
				74F03C4927C574520030070A /* Task.swift in Sources */,
				74F03C3227C572EE0030070A /* AppDelegate.swift in Sources */,
				74F03C3427C572EE0030070A /* SceneDelegate.swift in Sources */,
				74F03C4627C5738D0030070A /* TasksListController.swift in Sources */,
			);
			runOnlyForDeploymentPostprocessing = 0;
		};
/* End PBXSourcesBuildPhase section */

/* Begin PBXVariantGroup section */
		74F03C3727C572EE0030070A /* Main.storyboard */ = {
			isa = PBXVariantGroup;
			children = (
				74F03C3827C572EE0030070A /* Base */,
			);
			name = Main.storyboard;
			sourceTree = "<group>";
		};
		74F03C3C27C572F00030070A /* LaunchScreen.storyboard */ = {
			isa = PBXVariantGroup;
			children = (
				74F03C3D27C572F00030070A /* Base */,
			);
			name = LaunchScreen.storyboard;
			sourceTree = "<group>";
		};
/* End PBXVariantGroup section */

/* Begin XCBuildConfiguration section */
		74F03C4027C572F00030070A /* Debug */ = {
			isa = XCBuildConfiguration;
			buildSettings = {
				ALWAYS_SEARCH_USER_PATHS = NO;
				CLANG_ANALYZER_NONNULL = YES;
				CLANG_ANALYZER_NUMBER_OBJECT_CONVERSION = YES_AGGRESSIVE;
				CLANG_CXX_LANGUAGE_STANDARD = "gnu++17";
				CLANG_CXX_LIBRARY = "libc++";
				CLANG_ENABLE_MODULES = YES;
				CLANG_ENABLE_OBJC_ARC = YES;
				CLANG_ENABLE_OBJC_WEAK = YES;
				CLANG_WARN_BLOCK_CAPTURE_AUTORELEASING = YES;
				CLANG_WARN_BOOL_CONVERSION = YES;
				CLANG_WARN_COMMA = YES;
				CLANG_WARN_CONSTANT_CONVERSION = YES;
				CLANG_WARN_DEPRECATED_OBJC_IMPLEMENTATIONS = YES;
				CLANG_WARN_DIRECT_OBJC_ISA_USAGE = YES_ERROR;
				CLANG_WARN_DOCUMENTATION_COMMENTS = YES;
				CLANG_WARN_EMPTY_BODY = YES;
				CLANG_WARN_ENUM_CONVERSION = YES;
				CLANG_WARN_INFINITE_RECURSION = YES;
				CLANG_WARN_INT_CONVERSION = YES;
				CLANG_WARN_NON_LITERAL_NULL_CONVERSION = YES;
				CLANG_WARN_OBJC_IMPLICIT_RETAIN_SELF = YES;
				CLANG_WARN_OBJC_LITERAL_CONVERSION = YES;
				CLANG_WARN_OBJC_ROOT_CLASS = YES_ERROR;
				CLANG_WARN_QUOTED_INCLUDE_IN_FRAMEWORK_HEADER = YES;
				CLANG_WARN_RANGE_LOOP_ANALYSIS = YES;
				CLANG_WARN_STRICT_PROTOTYPES = YES;
				CLANG_WARN_SUSPICIOUS_MOVE = YES;
				CLANG_WARN_UNGUARDED_AVAILABILITY = YES_AGGRESSIVE;
				CLANG_WARN_UNREACHABLE_CODE = YES;
				CLANG_WARN__DUPLICATE_METHOD_MATCH = YES;
				COPY_PHASE_STRIP = NO;
				DEBUG_INFORMATION_FORMAT = dwarf;
				ENABLE_STRICT_OBJC_MSGSEND = YES;
				ENABLE_TESTABILITY = YES;
				GCC_C_LANGUAGE_STANDARD = gnu11;
				GCC_DYNAMIC_NO_PIC = NO;
				GCC_NO_COMMON_BLOCKS = YES;
				GCC_OPTIMIZATION_LEVEL = 0;
				GCC_PREPROCESSOR_DEFINITIONS = (
					"DEBUG=1",
					"$(inherited)",
				);
				GCC_WARN_64_TO_32_BIT_CONVERSION = YES;
				GCC_WARN_ABOUT_RETURN_TYPE = YES_ERROR;
				GCC_WARN_UNDECLARED_SELECTOR = YES;
				GCC_WARN_UNINITIALIZED_AUTOS = YES_AGGRESSIVE;
				GCC_WARN_UNUSED_FUNCTION = YES;
				GCC_WARN_UNUSED_VARIABLE = YES;
				IPHONEOS_DEPLOYMENT_TARGET = 15.2;
				MTL_ENABLE_DEBUG_INFO = INCLUDE_SOURCE;
				MTL_FAST_MATH = YES;
				ONLY_ACTIVE_ARCH = YES;
				SDKROOT = iphoneos;
				SWIFT_ACTIVE_COMPILATION_CONDITIONS = DEBUG;
				SWIFT_OPTIMIZATION_LEVEL = "-Onone";
			};
			name = Debug;
		};
		74F03C4127C572F00030070A /* Release */ = {
			isa = XCBuildConfiguration;
			buildSettings = {
				ALWAYS_SEARCH_USER_PATHS = NO;
				CLANG_ANALYZER_NONNULL = YES;
				CLANG_ANALYZER_NUMBER_OBJECT_CONVERSION = YES_AGGRESSIVE;
				CLANG_CXX_LANGUAGE_STANDARD = "gnu++17";
				CLANG_CXX_LIBRARY = "libc++";
				CLANG_ENABLE_MODULES = YES;
				CLANG_ENABLE_OBJC_ARC = YES;
				CLANG_ENABLE_OBJC_WEAK = YES;
				CLANG_WARN_BLOCK_CAPTURE_AUTORELEASING = YES;
				CLANG_WARN_BOOL_CONVERSION = YES;
				CLANG_WARN_COMMA = YES;
				CLANG_WARN_CONSTANT_CONVERSION = YES;
				CLANG_WARN_DEPRECATED_OBJC_IMPLEMENTATIONS = YES;
				CLANG_WARN_DIRECT_OBJC_ISA_USAGE = YES_ERROR;
				CLANG_WARN_DOCUMENTATION_COMMENTS = YES;
				CLANG_WARN_EMPTY_BODY = YES;
				CLANG_WARN_ENUM_CONVERSION = YES;
				CLANG_WARN_INFINITE_RECURSION = YES;
				CLANG_WARN_INT_CONVERSION = YES;
				CLANG_WARN_NON_LITERAL_NULL_CONVERSION = YES;
				CLANG_WARN_OBJC_IMPLICIT_RETAIN_SELF = YES;
				CLANG_WARN_OBJC_LITERAL_CONVERSION = YES;
				CLANG_WARN_OBJC_ROOT_CLASS = YES_ERROR;
				CLANG_WARN_QUOTED_INCLUDE_IN_FRAMEWORK_HEADER = YES;
				CLANG_WARN_RANGE_LOOP_ANALYSIS = YES;
				CLANG_WARN_STRICT_PROTOTYPES = YES;
				CLANG_WARN_SUSPICIOUS_MOVE = YES;
				CLANG_WARN_UNGUARDED_AVAILABILITY = YES_AGGRESSIVE;
				CLANG_WARN_UNREACHABLE_CODE = YES;
				CLANG_WARN__DUPLICATE_METHOD_MATCH = YES;
				COPY_PHASE_STRIP = NO;
				DEBUG_INFORMATION_FORMAT = "dwarf-with-dsym";
				ENABLE_NS_ASSERTIONS = NO;
				ENABLE_STRICT_OBJC_MSGSEND = YES;
				GCC_C_LANGUAGE_STANDARD = gnu11;
				GCC_NO_COMMON_BLOCKS = YES;
				GCC_WARN_64_TO_32_BIT_CONVERSION = YES;
				GCC_WARN_ABOUT_RETURN_TYPE = YES_ERROR;
				GCC_WARN_UNDECLARED_SELECTOR = YES;
				GCC_WARN_UNINITIALIZED_AUTOS = YES_AGGRESSIVE;
				GCC_WARN_UNUSED_FUNCTION = YES;
				GCC_WARN_UNUSED_VARIABLE = YES;
				IPHONEOS_DEPLOYMENT_TARGET = 15.2;
				MTL_ENABLE_DEBUG_INFO = NO;
				MTL_FAST_MATH = YES;
				SDKROOT = iphoneos;
				SWIFT_COMPILATION_MODE = wholemodule;
				SWIFT_OPTIMIZATION_LEVEL = "-O";
				VALIDATE_PRODUCT = YES;
			};
			name = Release;
		};
		74F03C4327C572F00030070A /* Debug */ = {
			isa = XCBuildConfiguration;
			buildSettings = {
				ASSETCATALOG_COMPILER_APPICON_NAME = AppIcon;
				ASSETCATALOG_COMPILER_GLOBAL_ACCENT_COLOR_NAME = AccentColor;
				CODE_SIGN_STYLE = Automatic;
				CURRENT_PROJECT_VERSION = 1;
				DEVELOPMENT_TEAM = U2FVAML6Y7;
				GENERATE_INFOPLIST_FILE = YES;
				INFOPLIST_FILE = "To do manager/Info.plist";
				INFOPLIST_KEY_UIApplicationSupportsIndirectInputEvents = YES;
				INFOPLIST_KEY_UILaunchStoryboardName = LaunchScreen;
				INFOPLIST_KEY_UIMainStoryboardFile = Main;
				INFOPLIST_KEY_UISupportedInterfaceOrientations_iPad = "UIInterfaceOrientationPortrait UIInterfaceOrientationPortraitUpsideDown UIInterfaceOrientationLandscapeLeft UIInterfaceOrientationLandscapeRight";
				INFOPLIST_KEY_UISupportedInterfaceOrientations_iPhone = "UIInterfaceOrientationPortrait UIInterfaceOrientationLandscapeLeft UIInterfaceOrientationLandscapeRight";
				IPHONEOS_DEPLOYMENT_TARGET = 13.0;
				LD_RUNPATH_SEARCH_PATHS = (
					"$(inherited)",
					"@executable_path/Frameworks",
				);
				MARKETING_VERSION = 1.0;
				PRODUCT_BUNDLE_IDENTIFIER = "com.kayan.To-do-manager";
				PRODUCT_NAME = "$(TARGET_NAME)";
				SWIFT_EMIT_LOC_STRINGS = YES;
				SWIFT_VERSION = 5.0;
				TARGETED_DEVICE_FAMILY = "1,2";
			};
			name = Debug;
		};
		74F03C4427C572F00030070A /* Release */ = {
			isa = XCBuildConfiguration;
			buildSettings = {
				ASSETCATALOG_COMPILER_APPICON_NAME = AppIcon;
				ASSETCATALOG_COMPILER_GLOBAL_ACCENT_COLOR_NAME = AccentColor;
				CODE_SIGN_STYLE = Automatic;
				CURRENT_PROJECT_VERSION = 1;
				DEVELOPMENT_TEAM = U2FVAML6Y7;
				GENERATE_INFOPLIST_FILE = YES;
				INFOPLIST_FILE = "To do manager/Info.plist";
				INFOPLIST_KEY_UIApplicationSupportsIndirectInputEvents = YES;
				INFOPLIST_KEY_UILaunchStoryboardName = LaunchScreen;
				INFOPLIST_KEY_UIMainStoryboardFile = Main;
				INFOPLIST_KEY_UISupportedInterfaceOrientations_iPad = "UIInterfaceOrientationPortrait UIInterfaceOrientationPortraitUpsideDown UIInterfaceOrientationLandscapeLeft UIInterfaceOrientationLandscapeRight";
				INFOPLIST_KEY_UISupportedInterfaceOrientations_iPhone = "UIInterfaceOrientationPortrait UIInterfaceOrientationLandscapeLeft UIInterfaceOrientationLandscapeRight";
				IPHONEOS_DEPLOYMENT_TARGET = 13.0;
				LD_RUNPATH_SEARCH_PATHS = (
					"$(inherited)",
					"@executable_path/Frameworks",
				);
				MARKETING_VERSION = 1.0;
				PRODUCT_BUNDLE_IDENTIFIER = "com.kayan.To-do-manager";
				PRODUCT_NAME = "$(TARGET_NAME)";
				SWIFT_EMIT_LOC_STRINGS = YES;
				SWIFT_VERSION = 5.0;
				TARGETED_DEVICE_FAMILY = "1,2";
			};
			name = Release;
		};
/* End XCBuildConfiguration section */

/* Begin XCConfigurationList section */
		74F03C2927C572EE0030070A /* Build configuration list for PBXProject "To do manager" */ = {
			isa = XCConfigurationList;
			buildConfigurations = (
				74F03C4027C572F00030070A /* Debug */,
				74F03C4127C572F00030070A /* Release */,
			);
			defaultConfigurationIsVisible = 0;
			defaultConfigurationName = Release;
		};
		74F03C4227C572F00030070A /* Build configuration list for PBXNativeTarget "To do manager" */ = {
			isa = XCConfigurationList;
			buildConfigurations = (
				74F03C4327C572F00030070A /* Debug */,
				74F03C4427C572F00030070A /* Release */,
			);
			defaultConfigurationIsVisible = 0;
			defaultConfigurationName = Release;
		};
/* End XCConfigurationList section */
	};
	rootObject = 74F03C2627C572EE0030070A /* Project object */;
}
